// !$*UTF8*$!
{
	archiveVersion = 1;
	classes = {
	};
	objectVersion = 50;
	objects = {

/* Begin PBXBuildFile section */
		4DD41DE3B5EC578C1A7A5A0E /* Pods_TheMovieDBTests.framework in Frameworks */ = {isa = PBXBuildFile; fileRef = 04A90721996C54B8B6AC4912 /* Pods_TheMovieDBTests.framework */; };
		684D8375217B2D42000EE4E6 /* AppDelegate.swift in Sources */ = {isa = PBXBuildFile; fileRef = 684D8374217B2D42000EE4E6 /* AppDelegate.swift */; };
		684D837C217B2D45000EE4E6 /* Assets.xcassets in Resources */ = {isa = PBXBuildFile; fileRef = 684D837B217B2D45000EE4E6 /* Assets.xcassets */; };
		684D837F217B2D45000EE4E6 /* LaunchScreen.storyboard in Resources */ = {isa = PBXBuildFile; fileRef = 684D837D217B2D45000EE4E6 /* LaunchScreen.storyboard */; };
		684D838A217B2D45000EE4E6 /* TheMovieDBTests.swift in Sources */ = {isa = PBXBuildFile; fileRef = 684D8389217B2D45000EE4E6 /* TheMovieDBTests.swift */; };
		684D8395217B2D45000EE4E6 /* TheMovieDBUITests.swift in Sources */ = {isa = PBXBuildFile; fileRef = 684D8394217B2D45000EE4E6 /* TheMovieDBUITests.swift */; };
		687E9F97217B2F6F00C3D156 /* Constants.swift in Sources */ = {isa = PBXBuildFile; fileRef = 687E9F96217B2F6F00C3D156 /* Constants.swift */; };
		687E9F9A217B312600C3D156 /* NetworkManager.swift in Sources */ = {isa = PBXBuildFile; fileRef = 687E9F99217B312600C3D156 /* NetworkManager.swift */; };
		687E9F9C217B333E00C3D156 /* MovieAPI.swift in Sources */ = {isa = PBXBuildFile; fileRef = 687E9F9B217B333E00C3D156 /* MovieAPI.swift */; };
		687E9F9F217B339800C3D156 /* MovieAPIConstants.swift in Sources */ = {isa = PBXBuildFile; fileRef = 687E9F9E217B339800C3D156 /* MovieAPIConstants.swift */; };
		687E9FA1217B372100C3D156 /* Result.swift in Sources */ = {isa = PBXBuildFile; fileRef = 687E9FA0217B372100C3D156 /* Result.swift */; };
		687E9FA3217B37AD00C3D156 /* MoyaNetworkManager.swift in Sources */ = {isa = PBXBuildFile; fileRef = 687E9FA2217B37AD00C3D156 /* MoyaNetworkManager.swift */; };
		687E9FA5217B3BB500C3D156 /* Scene.swift in Sources */ = {isa = PBXBuildFile; fileRef = 687E9FA4217B3BB500C3D156 /* Scene.swift */; };
		687E9FA7217B3BF000C3D156 /* SceneTransitionType.swift in Sources */ = {isa = PBXBuildFile; fileRef = 687E9FA6217B3BF000C3D156 /* SceneTransitionType.swift */; };
		687E9FA9217B3C2300C3D156 /* SceneCoordinatorType.swift in Sources */ = {isa = PBXBuildFile; fileRef = 687E9FA8217B3C2300C3D156 /* SceneCoordinatorType.swift */; };
		687E9FAB217B3C4E00C3D156 /* SceneCoordinator.swift in Sources */ = {isa = PBXBuildFile; fileRef = 687E9FAA217B3C4E00C3D156 /* SceneCoordinator.swift */; };
		687E9FAE217B3D3900C3D156 /* NowPlayingViewController.swift in Sources */ = {isa = PBXBuildFile; fileRef = 687E9FAD217B3D3900C3D156 /* NowPlayingViewController.swift */; };
		687E9FB0217B3D4400C3D156 /* NowPlayingPresenter.swift in Sources */ = {isa = PBXBuildFile; fileRef = 687E9FAF217B3D4400C3D156 /* NowPlayingPresenter.swift */; };
		687E9FB4217B4B3700C3D156 /* NowPlayingSceneConstants.swift in Sources */ = {isa = PBXBuildFile; fileRef = 687E9FB3217B4B3700C3D156 /* NowPlayingSceneConstants.swift */; };
		687E9FB8217B53FF00C3D156 /* Movie.swift in Sources */ = {isa = PBXBuildFile; fileRef = 687E9FB7217B53FF00C3D156 /* Movie.swift */; };
		687E9FBA217B5A8900C3D156 /* MovieViewModel.swift in Sources */ = {isa = PBXBuildFile; fileRef = 687E9FB9217B5A8900C3D156 /* MovieViewModel.swift */; };
		687E9FBC217B5B4300C3D156 /* MoviesList.swift in Sources */ = {isa = PBXBuildFile; fileRef = 687E9FBB217B5B4300C3D156 /* MoviesList.swift */; };
		687E9FBE217B5C0D00C3D156 /* MoviesListViewModel.swift in Sources */ = {isa = PBXBuildFile; fileRef = 687E9FBD217B5C0D00C3D156 /* MoviesListViewModel.swift */; };
		687E9FC1217B60A300C3D156 /* MovieCollectionViewCell.swift in Sources */ = {isa = PBXBuildFile; fileRef = 687E9FC0217B60A300C3D156 /* MovieCollectionViewCell.swift */; };
		687E9FC4217B625A00C3D156 /* SDWebImageHelper.swift in Sources */ = {isa = PBXBuildFile; fileRef = 687E9FC3217B625A00C3D156 /* SDWebImageHelper.swift */; };
		687E9FC7217B777600C3D156 /* MovieDetailsViewController.swift in Sources */ = {isa = PBXBuildFile; fileRef = 687E9FC6217B777600C3D156 /* MovieDetailsViewController.swift */; };
		687E9FC9217B778E00C3D156 /* MovieDetailsPresenter.swift in Sources */ = {isa = PBXBuildFile; fileRef = 687E9FC8217B778E00C3D156 /* MovieDetailsPresenter.swift */; };
		687E9FCC217B79BD00C3D156 /* BaseViewController.swift in Sources */ = {isa = PBXBuildFile; fileRef = 687E9FCB217B79BD00C3D156 /* BaseViewController.swift */; };
		7761E0C83837EBD7330BF4A6 /* Pods_TheMovieDB.framework in Frameworks */ = {isa = PBXBuildFile; fileRef = D8549D4A4BC43B9BCB82325D /* Pods_TheMovieDB.framework */; };
		A527041F5E93CA7C21E87311 /* Pods_TheMovieDBUITests.framework in Frameworks */ = {isa = PBXBuildFile; fileRef = 50101DAE3706F1072CF0AA5F /* Pods_TheMovieDBUITests.framework */; };
/* End PBXBuildFile section */

/* Begin PBXContainerItemProxy section */
		684D8386217B2D45000EE4E6 /* PBXContainerItemProxy */ = {
			isa = PBXContainerItemProxy;
			containerPortal = 684D8369217B2D42000EE4E6 /* Project object */;
			proxyType = 1;
			remoteGlobalIDString = 684D8370217B2D42000EE4E6;
			remoteInfo = TheMovieDB;
		};
		684D8391217B2D45000EE4E6 /* PBXContainerItemProxy */ = {
			isa = PBXContainerItemProxy;
			containerPortal = 684D8369217B2D42000EE4E6 /* Project object */;
			proxyType = 1;
			remoteGlobalIDString = 684D8370217B2D42000EE4E6;
			remoteInfo = TheMovieDB;
		};
/* End PBXContainerItemProxy section */

/* Begin PBXFileReference section */
		044D6FA05B790E0934FC4B77 /* Pods-TheMovieDBTests.debug.xcconfig */ = {isa = PBXFileReference; includeInIndex = 1; lastKnownFileType = text.xcconfig; name = "Pods-TheMovieDBTests.debug.xcconfig"; path = "Pods/Target Support Files/Pods-TheMovieDBTests/Pods-TheMovieDBTests.debug.xcconfig"; sourceTree = "<group>"; };
		04A90721996C54B8B6AC4912 /* Pods_TheMovieDBTests.framework */ = {isa = PBXFileReference; explicitFileType = wrapper.framework; includeInIndex = 0; path = Pods_TheMovieDBTests.framework; sourceTree = BUILT_PRODUCTS_DIR; };
		1AAA76AFA23DA64DF54456F9 /* Pods-TheMovieDBUITests.debug.xcconfig */ = {isa = PBXFileReference; includeInIndex = 1; lastKnownFileType = text.xcconfig; name = "Pods-TheMovieDBUITests.debug.xcconfig"; path = "Pods/Target Support Files/Pods-TheMovieDBUITests/Pods-TheMovieDBUITests.debug.xcconfig"; sourceTree = "<group>"; };
		1C68AFB1027FE7F3D69C0F1A /* Pods-TheMovieDBTests.release.xcconfig */ = {isa = PBXFileReference; includeInIndex = 1; lastKnownFileType = text.xcconfig; name = "Pods-TheMovieDBTests.release.xcconfig"; path = "Pods/Target Support Files/Pods-TheMovieDBTests/Pods-TheMovieDBTests.release.xcconfig"; sourceTree = "<group>"; };
		50101DAE3706F1072CF0AA5F /* Pods_TheMovieDBUITests.framework */ = {isa = PBXFileReference; explicitFileType = wrapper.framework; includeInIndex = 0; path = Pods_TheMovieDBUITests.framework; sourceTree = BUILT_PRODUCTS_DIR; };
		684D8371217B2D42000EE4E6 /* TheMovieDB.app */ = {isa = PBXFileReference; explicitFileType = wrapper.application; includeInIndex = 0; path = TheMovieDB.app; sourceTree = BUILT_PRODUCTS_DIR; };
		684D8374217B2D42000EE4E6 /* AppDelegate.swift */ = {isa = PBXFileReference; lastKnownFileType = sourcecode.swift; path = AppDelegate.swift; sourceTree = "<group>"; };
		684D837B217B2D45000EE4E6 /* Assets.xcassets */ = {isa = PBXFileReference; lastKnownFileType = folder.assetcatalog; path = Assets.xcassets; sourceTree = "<group>"; };
		684D837E217B2D45000EE4E6 /* Base */ = {isa = PBXFileReference; lastKnownFileType = file.storyboard; name = Base; path = Base.lproj/LaunchScreen.storyboard; sourceTree = "<group>"; };
		684D8380217B2D45000EE4E6 /* Info.plist */ = {isa = PBXFileReference; lastKnownFileType = text.plist.xml; path = Info.plist; sourceTree = "<group>"; };
		684D8385217B2D45000EE4E6 /* TheMovieDBTests.xctest */ = {isa = PBXFileReference; explicitFileType = wrapper.cfbundle; includeInIndex = 0; path = TheMovieDBTests.xctest; sourceTree = BUILT_PRODUCTS_DIR; };
		684D8389217B2D45000EE4E6 /* TheMovieDBTests.swift */ = {isa = PBXFileReference; lastKnownFileType = sourcecode.swift; path = TheMovieDBTests.swift; sourceTree = "<group>"; };
		684D838B217B2D45000EE4E6 /* Info.plist */ = {isa = PBXFileReference; lastKnownFileType = text.plist.xml; path = Info.plist; sourceTree = "<group>"; };
		684D8390217B2D45000EE4E6 /* TheMovieDBUITests.xctest */ = {isa = PBXFileReference; explicitFileType = wrapper.cfbundle; includeInIndex = 0; path = TheMovieDBUITests.xctest; sourceTree = BUILT_PRODUCTS_DIR; };
		684D8394217B2D45000EE4E6 /* TheMovieDBUITests.swift */ = {isa = PBXFileReference; lastKnownFileType = sourcecode.swift; path = TheMovieDBUITests.swift; sourceTree = "<group>"; };
		684D8396217B2D45000EE4E6 /* Info.plist */ = {isa = PBXFileReference; lastKnownFileType = text.plist.xml; path = Info.plist; sourceTree = "<group>"; };
		687E9F96217B2F6F00C3D156 /* Constants.swift */ = {isa = PBXFileReference; lastKnownFileType = sourcecode.swift; path = Constants.swift; sourceTree = "<group>"; };
		687E9F99217B312600C3D156 /* NetworkManager.swift */ = {isa = PBXFileReference; lastKnownFileType = sourcecode.swift; path = NetworkManager.swift; sourceTree = "<group>"; };
		687E9F9B217B333E00C3D156 /* MovieAPI.swift */ = {isa = PBXFileReference; lastKnownFileType = sourcecode.swift; path = MovieAPI.swift; sourceTree = "<group>"; };
		687E9F9E217B339800C3D156 /* MovieAPIConstants.swift */ = {isa = PBXFileReference; lastKnownFileType = sourcecode.swift; path = MovieAPIConstants.swift; sourceTree = "<group>"; };
		687E9FA0217B372100C3D156 /* Result.swift */ = {isa = PBXFileReference; lastKnownFileType = sourcecode.swift; path = Result.swift; sourceTree = "<group>"; };
		687E9FA2217B37AD00C3D156 /* MoyaNetworkManager.swift */ = {isa = PBXFileReference; lastKnownFileType = sourcecode.swift; path = MoyaNetworkManager.swift; sourceTree = "<group>"; };
		687E9FA4217B3BB500C3D156 /* Scene.swift */ = {isa = PBXFileReference; lastKnownFileType = sourcecode.swift; path = Scene.swift; sourceTree = "<group>"; };
		687E9FA6217B3BF000C3D156 /* SceneTransitionType.swift */ = {isa = PBXFileReference; lastKnownFileType = sourcecode.swift; path = SceneTransitionType.swift; sourceTree = "<group>"; };
		687E9FA8217B3C2300C3D156 /* SceneCoordinatorType.swift */ = {isa = PBXFileReference; lastKnownFileType = sourcecode.swift; path = SceneCoordinatorType.swift; sourceTree = "<group>"; };
		687E9FAA217B3C4E00C3D156 /* SceneCoordinator.swift */ = {isa = PBXFileReference; lastKnownFileType = sourcecode.swift; path = SceneCoordinator.swift; sourceTree = "<group>"; };
		687E9FAD217B3D3900C3D156 /* NowPlayingViewController.swift */ = {isa = PBXFileReference; lastKnownFileType = sourcecode.swift; path = NowPlayingViewController.swift; sourceTree = "<group>"; };
		687E9FAF217B3D4400C3D156 /* NowPlayingPresenter.swift */ = {isa = PBXFileReference; lastKnownFileType = sourcecode.swift; path = NowPlayingPresenter.swift; sourceTree = "<group>"; };
		687E9FB3217B4B3700C3D156 /* NowPlayingSceneConstants.swift */ = {isa = PBXFileReference; lastKnownFileType = sourcecode.swift; path = NowPlayingSceneConstants.swift; sourceTree = "<group>"; };
		687E9FB7217B53FF00C3D156 /* Movie.swift */ = {isa = PBXFileReference; lastKnownFileType = sourcecode.swift; path = Movie.swift; sourceTree = "<group>"; };
		687E9FB9217B5A8900C3D156 /* MovieViewModel.swift */ = {isa = PBXFileReference; lastKnownFileType = sourcecode.swift; path = MovieViewModel.swift; sourceTree = "<group>"; };
		687E9FBB217B5B4300C3D156 /* MoviesList.swift */ = {isa = PBXFileReference; lastKnownFileType = sourcecode.swift; path = MoviesList.swift; sourceTree = "<group>"; };
		687E9FBD217B5C0D00C3D156 /* MoviesListViewModel.swift */ = {isa = PBXFileReference; lastKnownFileType = sourcecode.swift; path = MoviesListViewModel.swift; sourceTree = "<group>"; };
		687E9FC0217B60A300C3D156 /* MovieCollectionViewCell.swift */ = {isa = PBXFileReference; lastKnownFileType = sourcecode.swift; path = MovieCollectionViewCell.swift; sourceTree = "<group>"; };
		687E9FC3217B625A00C3D156 /* SDWebImageHelper.swift */ = {isa = PBXFileReference; lastKnownFileType = sourcecode.swift; path = SDWebImageHelper.swift; sourceTree = "<group>"; };
		687E9FC6217B777600C3D156 /* MovieDetailsViewController.swift */ = {isa = PBXFileReference; lastKnownFileType = sourcecode.swift; path = MovieDetailsViewController.swift; sourceTree = "<group>"; };
		687E9FC8217B778E00C3D156 /* MovieDetailsPresenter.swift */ = {isa = PBXFileReference; lastKnownFileType = sourcecode.swift; path = MovieDetailsPresenter.swift; sourceTree = "<group>"; };
		687E9FCB217B79BD00C3D156 /* BaseViewController.swift */ = {isa = PBXFileReference; lastKnownFileType = sourcecode.swift; path = BaseViewController.swift; sourceTree = "<group>"; };
		7958E6E975EB4B76E543CC45 /* Pods-TheMovieDBUITests.release.xcconfig */ = {isa = PBXFileReference; includeInIndex = 1; lastKnownFileType = text.xcconfig; name = "Pods-TheMovieDBUITests.release.xcconfig"; path = "Pods/Target Support Files/Pods-TheMovieDBUITests/Pods-TheMovieDBUITests.release.xcconfig"; sourceTree = "<group>"; };
		D8549D4A4BC43B9BCB82325D /* Pods_TheMovieDB.framework */ = {isa = PBXFileReference; explicitFileType = wrapper.framework; includeInIndex = 0; path = Pods_TheMovieDB.framework; sourceTree = BUILT_PRODUCTS_DIR; };
		F5B8687722916D1EA4029C5A /* Pods-TheMovieDB.debug.xcconfig */ = {isa = PBXFileReference; includeInIndex = 1; lastKnownFileType = text.xcconfig; name = "Pods-TheMovieDB.debug.xcconfig"; path = "Pods/Target Support Files/Pods-TheMovieDB/Pods-TheMovieDB.debug.xcconfig"; sourceTree = "<group>"; };
		FF99D5A6B5ECBB07577BC371 /* Pods-TheMovieDB.release.xcconfig */ = {isa = PBXFileReference; includeInIndex = 1; lastKnownFileType = text.xcconfig; name = "Pods-TheMovieDB.release.xcconfig"; path = "Pods/Target Support Files/Pods-TheMovieDB/Pods-TheMovieDB.release.xcconfig"; sourceTree = "<group>"; };
/* End PBXFileReference section */

/* Begin PBXFrameworksBuildPhase section */
		684D836E217B2D42000EE4E6 /* Frameworks */ = {
			isa = PBXFrameworksBuildPhase;
			buildActionMask = 2147483647;
			files = (
				7761E0C83837EBD7330BF4A6 /* Pods_TheMovieDB.framework in Frameworks */,
			);
			runOnlyForDeploymentPostprocessing = 0;
		};
		684D8382217B2D45000EE4E6 /* Frameworks */ = {
			isa = PBXFrameworksBuildPhase;
			buildActionMask = 2147483647;
			files = (
				4DD41DE3B5EC578C1A7A5A0E /* Pods_TheMovieDBTests.framework in Frameworks */,
			);
			runOnlyForDeploymentPostprocessing = 0;
		};
		684D838D217B2D45000EE4E6 /* Frameworks */ = {
			isa = PBXFrameworksBuildPhase;
			buildActionMask = 2147483647;
			files = (
				A527041F5E93CA7C21E87311 /* Pods_TheMovieDBUITests.framework in Frameworks */,
			);
			runOnlyForDeploymentPostprocessing = 0;
		};
/* End PBXFrameworksBuildPhase section */

/* Begin PBXGroup section */
		196806C8B4A0946A5EF950AD /* Frameworks */ = {
			isa = PBXGroup;
			children = (
				D8549D4A4BC43B9BCB82325D /* Pods_TheMovieDB.framework */,
				04A90721996C54B8B6AC4912 /* Pods_TheMovieDBTests.framework */,
				50101DAE3706F1072CF0AA5F /* Pods_TheMovieDBUITests.framework */,
			);
			name = Frameworks;
			sourceTree = "<group>";
		};
		684D8368217B2D42000EE4E6 = {
			isa = PBXGroup;
			children = (
				684D8373217B2D42000EE4E6 /* TheMovieDB */,
				684D8388217B2D45000EE4E6 /* TheMovieDBTests */,
				684D8393217B2D45000EE4E6 /* TheMovieDBUITests */,
				684D8372217B2D42000EE4E6 /* Products */,
				BC9939CFF94A33EF9EF68183 /* Pods */,
				196806C8B4A0946A5EF950AD /* Frameworks */,
			);
			sourceTree = "<group>";
		};
		684D8372217B2D42000EE4E6 /* Products */ = {
			isa = PBXGroup;
			children = (
				684D8371217B2D42000EE4E6 /* TheMovieDB.app */,
				684D8385217B2D45000EE4E6 /* TheMovieDBTests.xctest */,
				684D8390217B2D45000EE4E6 /* TheMovieDBUITests.xctest */,
			);
			name = Products;
			sourceTree = "<group>";
		};
		684D8373217B2D42000EE4E6 /* TheMovieDB */ = {
			isa = PBXGroup;
			children = (
				687E9FCA217B79AF00C3D156 /* BaseLayer */,
				687E9FC2217B623900C3D156 /* Helpers */,
				687E9F98217B306A00C3D156 /* Coordinator */,
				687E9F95217B2F5800C3D156 /* Skeleton */,
				687E9FB6217B53F000C3D156 /* DomainModels */,
				687E9F94217B2F4600C3D156 /* NetworkManager */,
				687E9F93217B2F3700C3D156 /* Scenes */,
				684D8374217B2D42000EE4E6 /* AppDelegate.swift */,
				684D837B217B2D45000EE4E6 /* Assets.xcassets */,
				684D837D217B2D45000EE4E6 /* LaunchScreen.storyboard */,
				684D8380217B2D45000EE4E6 /* Info.plist */,
			);
			path = TheMovieDB;
			sourceTree = "<group>";
		};
		684D8388217B2D45000EE4E6 /* TheMovieDBTests */ = {
			isa = PBXGroup;
			children = (
				684D8389217B2D45000EE4E6 /* TheMovieDBTests.swift */,
				684D838B217B2D45000EE4E6 /* Info.plist */,
			);
			path = TheMovieDBTests;
			sourceTree = "<group>";
		};
		684D8393217B2D45000EE4E6 /* TheMovieDBUITests */ = {
			isa = PBXGroup;
			children = (
				684D8394217B2D45000EE4E6 /* TheMovieDBUITests.swift */,
				684D8396217B2D45000EE4E6 /* Info.plist */,
			);
			path = TheMovieDBUITests;
			sourceTree = "<group>";
		};
		687E9F93217B2F3700C3D156 /* Scenes */ = {
			isa = PBXGroup;
			children = (
				687E9FAC217B3D1D00C3D156 /* NowPlayingScene */,
				687E9FC5217B775F00C3D156 /* MovieDetailScene */,
			);
			path = Scenes;
			sourceTree = "<group>";
		};
		687E9F94217B2F4600C3D156 /* NetworkManager */ = {
			isa = PBXGroup;
			children = (
				687E9FA0217B372100C3D156 /* Result.swift */,
				687E9F9B217B333E00C3D156 /* MovieAPI.swift */,
				687E9F99217B312600C3D156 /* NetworkManager.swift */,
				687E9FA2217B37AD00C3D156 /* MoyaNetworkManager.swift */,
			);
			path = NetworkManager;
			sourceTree = "<group>";
		};
		687E9F95217B2F5800C3D156 /* Skeleton */ = {
			isa = PBXGroup;
			children = (
				687E9F9D217B337B00C3D156 /* Constants */,
			);
			path = Skeleton;
			sourceTree = "<group>";
		};
		687E9F98217B306A00C3D156 /* Coordinator */ = {
			isa = PBXGroup;
			children = (
				687E9FA4217B3BB500C3D156 /* Scene.swift */,
				687E9FA6217B3BF000C3D156 /* SceneTransitionType.swift */,
				687E9FA8217B3C2300C3D156 /* SceneCoordinatorType.swift */,
				687E9FAA217B3C4E00C3D156 /* SceneCoordinator.swift */,
			);
			path = Coordinator;
			sourceTree = "<group>";
		};
		687E9F9D217B337B00C3D156 /* Constants */ = {
			isa = PBXGroup;
			children = (
				687E9F96217B2F6F00C3D156 /* Constants.swift */,
				687E9F9E217B339800C3D156 /* MovieAPIConstants.swift */,
				687E9FB3217B4B3700C3D156 /* NowPlayingSceneConstants.swift */,
			);
			path = Constants;
			sourceTree = "<group>";
		};
		687E9FAC217B3D1D00C3D156 /* NowPlayingScene */ = {
			isa = PBXGroup;
			children = (
				687E9FBF217B608F00C3D156 /* Views */,
				687E9FB5217B53B800C3D156 /* ViewModels */,
				687E9FAF217B3D4400C3D156 /* NowPlayingPresenter.swift */,
				687E9FAD217B3D3900C3D156 /* NowPlayingViewController.swift */,
			);
			path = NowPlayingScene;
			sourceTree = "<group>";
		};
		687E9FB5217B53B800C3D156 /* ViewModels */ = {
			isa = PBXGroup;
			children = (
				687E9FB9217B5A8900C3D156 /* MovieViewModel.swift */,
				687E9FBD217B5C0D00C3D156 /* MoviesListViewModel.swift */,
			);
			path = ViewModels;
			sourceTree = "<group>";
		};
		687E9FB6217B53F000C3D156 /* DomainModels */ = {
			isa = PBXGroup;
			children = (
				687E9FB7217B53FF00C3D156 /* Movie.swift */,
				687E9FBB217B5B4300C3D156 /* MoviesList.swift */,
			);
			path = DomainModels;
			sourceTree = "<group>";
		};
		687E9FBF217B608F00C3D156 /* Views */ = {
			isa = PBXGroup;
			children = (
				687E9FC0217B60A300C3D156 /* MovieCollectionViewCell.swift */,
			);
			path = Views;
			sourceTree = "<group>";
		};
		687E9FC2217B623900C3D156 /* Helpers */ = {
			isa = PBXGroup;
			children = (
				687E9FC3217B625A00C3D156 /* SDWebImageHelper.swift */,
			);
			path = Helpers;
			sourceTree = "<group>";
		};
		687E9FC5217B775F00C3D156 /* MovieDetailScene */ = {
			isa = PBXGroup;
			children = (
				687E9FC8217B778E00C3D156 /* MovieDetailsPresenter.swift */,
				687E9FC6217B777600C3D156 /* MovieDetailsViewController.swift */,
			);
			path = MovieDetailScene;
			sourceTree = "<group>";
		};
		687E9FCA217B79AF00C3D156 /* BaseLayer */ = {
			isa = PBXGroup;
			children = (
				687E9FCB217B79BD00C3D156 /* BaseViewController.swift */,
			);
			path = BaseLayer;
			sourceTree = "<group>";
		};
		BC9939CFF94A33EF9EF68183 /* Pods */ = {
			isa = PBXGroup;
			children = (
				F5B8687722916D1EA4029C5A /* Pods-TheMovieDB.debug.xcconfig */,
				FF99D5A6B5ECBB07577BC371 /* Pods-TheMovieDB.release.xcconfig */,
				044D6FA05B790E0934FC4B77 /* Pods-TheMovieDBTests.debug.xcconfig */,
				1C68AFB1027FE7F3D69C0F1A /* Pods-TheMovieDBTests.release.xcconfig */,
				1AAA76AFA23DA64DF54456F9 /* Pods-TheMovieDBUITests.debug.xcconfig */,
				7958E6E975EB4B76E543CC45 /* Pods-TheMovieDBUITests.release.xcconfig */,
			);
			name = Pods;
			sourceTree = "<group>";
		};
/* End PBXGroup section */

/* Begin PBXNativeTarget section */
		684D8370217B2D42000EE4E6 /* TheMovieDB */ = {
			isa = PBXNativeTarget;
			buildConfigurationList = 684D8399217B2D45000EE4E6 /* Build configuration list for PBXNativeTarget "TheMovieDB" */;
			buildPhases = (
				723D9BFE5DC60F97D98B46FD /* [CP] Check Pods Manifest.lock */,
				684D836D217B2D42000EE4E6 /* Sources */,
				684D836E217B2D42000EE4E6 /* Frameworks */,
				684D836F217B2D42000EE4E6 /* Resources */,
				EF33897A2DA9FD923A844255 /* [CP] Embed Pods Frameworks */,
			);
			buildRules = (
			);
			dependencies = (
			);
			name = TheMovieDB;
			productName = TheMovieDB;
			productReference = 684D8371217B2D42000EE4E6 /* TheMovieDB.app */;
			productType = "com.apple.product-type.application";
		};
		684D8384217B2D45000EE4E6 /* TheMovieDBTests */ = {
			isa = PBXNativeTarget;
			buildConfigurationList = 684D839C217B2D45000EE4E6 /* Build configuration list for PBXNativeTarget "TheMovieDBTests" */;
			buildPhases = (
				AF8C74407E86B3E6E8CE1042 /* [CP] Check Pods Manifest.lock */,
				684D8381217B2D45000EE4E6 /* Sources */,
				684D8382217B2D45000EE4E6 /* Frameworks */,
				684D8383217B2D45000EE4E6 /* Resources */,
			);
			buildRules = (
			);
			dependencies = (
				684D8387217B2D45000EE4E6 /* PBXTargetDependency */,
			);
			name = TheMovieDBTests;
			productName = TheMovieDBTests;
			productReference = 684D8385217B2D45000EE4E6 /* TheMovieDBTests.xctest */;
			productType = "com.apple.product-type.bundle.unit-test";
		};
		684D838F217B2D45000EE4E6 /* TheMovieDBUITests */ = {
			isa = PBXNativeTarget;
			buildConfigurationList = 684D839F217B2D45000EE4E6 /* Build configuration list for PBXNativeTarget "TheMovieDBUITests" */;
			buildPhases = (
				D0256268826B964F204B93A3 /* [CP] Check Pods Manifest.lock */,
				684D838C217B2D45000EE4E6 /* Sources */,
				684D838D217B2D45000EE4E6 /* Frameworks */,
				684D838E217B2D45000EE4E6 /* Resources */,
			);
			buildRules = (
			);
			dependencies = (
				684D8392217B2D45000EE4E6 /* PBXTargetDependency */,
			);
			name = TheMovieDBUITests;
			productName = TheMovieDBUITests;
			productReference = 684D8390217B2D45000EE4E6 /* TheMovieDBUITests.xctest */;
			productType = "com.apple.product-type.bundle.ui-testing";
		};
/* End PBXNativeTarget section */

/* Begin PBXProject section */
		684D8369217B2D42000EE4E6 /* Project object */ = {
			isa = PBXProject;
			attributes = {
				LastSwiftUpdateCheck = 1000;
				LastUpgradeCheck = 1000;
				ORGANIZATIONNAME = "Mohamed Abdul-Hameed";
				TargetAttributes = {
					684D8370217B2D42000EE4E6 = {
						CreatedOnToolsVersion = 10.0;
					};
					684D8384217B2D45000EE4E6 = {
						CreatedOnToolsVersion = 10.0;
						TestTargetID = 684D8370217B2D42000EE4E6;
					};
					684D838F217B2D45000EE4E6 = {
						CreatedOnToolsVersion = 10.0;
						TestTargetID = 684D8370217B2D42000EE4E6;
					};
				};
			};
			buildConfigurationList = 684D836C217B2D42000EE4E6 /* Build configuration list for PBXProject "TheMovieDB" */;
			compatibilityVersion = "Xcode 9.3";
			developmentRegion = en;
			hasScannedForEncodings = 0;
			knownRegions = (
				en,
				Base,
			);
			mainGroup = 684D8368217B2D42000EE4E6;
			productRefGroup = 684D8372217B2D42000EE4E6 /* Products */;
			projectDirPath = "";
			projectRoot = "";
			targets = (
				684D8370217B2D42000EE4E6 /* TheMovieDB */,
				684D8384217B2D45000EE4E6 /* TheMovieDBTests */,
				684D838F217B2D45000EE4E6 /* TheMovieDBUITests */,
			);
		};
/* End PBXProject section */

/* Begin PBXResourcesBuildPhase section */
		684D836F217B2D42000EE4E6 /* Resources */ = {
			isa = PBXResourcesBuildPhase;
			buildActionMask = 2147483647;
			files = (
				684D837F217B2D45000EE4E6 /* LaunchScreen.storyboard in Resources */,
				684D837C217B2D45000EE4E6 /* Assets.xcassets in Resources */,
			);
			runOnlyForDeploymentPostprocessing = 0;
		};
		684D8383217B2D45000EE4E6 /* Resources */ = {
			isa = PBXResourcesBuildPhase;
			buildActionMask = 2147483647;
			files = (
			);
			runOnlyForDeploymentPostprocessing = 0;
		};
		684D838E217B2D45000EE4E6 /* Resources */ = {
			isa = PBXResourcesBuildPhase;
			buildActionMask = 2147483647;
			files = (
			);
			runOnlyForDeploymentPostprocessing = 0;
		};
/* End PBXResourcesBuildPhase section */

/* Begin PBXShellScriptBuildPhase section */
		723D9BFE5DC60F97D98B46FD /* [CP] Check Pods Manifest.lock */ = {
			isa = PBXShellScriptBuildPhase;
			buildActionMask = 2147483647;
			files = (
			);
			inputFileListPaths = (
			);
			inputPaths = (
				"${PODS_PODFILE_DIR_PATH}/Podfile.lock",
				"${PODS_ROOT}/Manifest.lock",
			);
			name = "[CP] Check Pods Manifest.lock";
			outputFileListPaths = (
			);
			outputPaths = (
				"$(DERIVED_FILE_DIR)/Pods-TheMovieDB-checkManifestLockResult.txt",
			);
			runOnlyForDeploymentPostprocessing = 0;
			shellPath = /bin/sh;
			shellScript = "diff \"${PODS_PODFILE_DIR_PATH}/Podfile.lock\" \"${PODS_ROOT}/Manifest.lock\" > /dev/null\nif [ $? != 0 ] ; then\n    # print error to STDERR\n    echo \"error: The sandbox is not in sync with the Podfile.lock. Run 'pod install' or update your CocoaPods installation.\" >&2\n    exit 1\nfi\n# This output is used by Xcode 'outputs' to avoid re-running this script phase.\necho \"SUCCESS\" > \"${SCRIPT_OUTPUT_FILE_0}\"\n";
			showEnvVarsInLog = 0;
		};
		AF8C74407E86B3E6E8CE1042 /* [CP] Check Pods Manifest.lock */ = {
			isa = PBXShellScriptBuildPhase;
			buildActionMask = 2147483647;
			files = (
			);
			inputFileListPaths = (
			);
			inputPaths = (
				"${PODS_PODFILE_DIR_PATH}/Podfile.lock",
				"${PODS_ROOT}/Manifest.lock",
			);
			name = "[CP] Check Pods Manifest.lock";
			outputFileListPaths = (
			);
			outputPaths = (
				"$(DERIVED_FILE_DIR)/Pods-TheMovieDBTests-checkManifestLockResult.txt",
			);
			runOnlyForDeploymentPostprocessing = 0;
			shellPath = /bin/sh;
			shellScript = "diff \"${PODS_PODFILE_DIR_PATH}/Podfile.lock\" \"${PODS_ROOT}/Manifest.lock\" > /dev/null\nif [ $? != 0 ] ; then\n    # print error to STDERR\n    echo \"error: The sandbox is not in sync with the Podfile.lock. Run 'pod install' or update your CocoaPods installation.\" >&2\n    exit 1\nfi\n# This output is used by Xcode 'outputs' to avoid re-running this script phase.\necho \"SUCCESS\" > \"${SCRIPT_OUTPUT_FILE_0}\"\n";
			showEnvVarsInLog = 0;
		};
		D0256268826B964F204B93A3 /* [CP] Check Pods Manifest.lock */ = {
			isa = PBXShellScriptBuildPhase;
			buildActionMask = 2147483647;
			files = (
			);
			inputFileListPaths = (
			);
			inputPaths = (
				"${PODS_PODFILE_DIR_PATH}/Podfile.lock",
				"${PODS_ROOT}/Manifest.lock",
			);
			name = "[CP] Check Pods Manifest.lock";
			outputFileListPaths = (
			);
			outputPaths = (
				"$(DERIVED_FILE_DIR)/Pods-TheMovieDBUITests-checkManifestLockResult.txt",
			);
			runOnlyForDeploymentPostprocessing = 0;
			shellPath = /bin/sh;
			shellScript = "diff \"${PODS_PODFILE_DIR_PATH}/Podfile.lock\" \"${PODS_ROOT}/Manifest.lock\" > /dev/null\nif [ $? != 0 ] ; then\n    # print error to STDERR\n    echo \"error: The sandbox is not in sync with the Podfile.lock. Run 'pod install' or update your CocoaPods installation.\" >&2\n    exit 1\nfi\n# This output is used by Xcode 'outputs' to avoid re-running this script phase.\necho \"SUCCESS\" > \"${SCRIPT_OUTPUT_FILE_0}\"\n";
			showEnvVarsInLog = 0;
		};
		EF33897A2DA9FD923A844255 /* [CP] Embed Pods Frameworks */ = {
			isa = PBXShellScriptBuildPhase;
			buildActionMask = 2147483647;
			files = (
			);
			inputFileListPaths = (
			);
			inputPaths = (
				"${SRCROOT}/Pods/Target Support Files/Pods-TheMovieDB/Pods-TheMovieDB-frameworks.sh",
				"${BUILT_PRODUCTS_DIR}/Alamofire/Alamofire.framework",
				"${BUILT_PRODUCTS_DIR}/Moya/Moya.framework",
				"${BUILT_PRODUCTS_DIR}/Result/Result.framework",
				"${BUILT_PRODUCTS_DIR}/SDWebImage/SDWebImage.framework",
			);
			name = "[CP] Embed Pods Frameworks";
			outputFileListPaths = (
			);
			outputPaths = (
				"${TARGET_BUILD_DIR}/${FRAMEWORKS_FOLDER_PATH}/Alamofire.framework",
				"${TARGET_BUILD_DIR}/${FRAMEWORKS_FOLDER_PATH}/Moya.framework",
				"${TARGET_BUILD_DIR}/${FRAMEWORKS_FOLDER_PATH}/Result.framework",
				"${TARGET_BUILD_DIR}/${FRAMEWORKS_FOLDER_PATH}/SDWebImage.framework",
			);
			runOnlyForDeploymentPostprocessing = 0;
			shellPath = /bin/sh;
			shellScript = "\"${SRCROOT}/Pods/Target Support Files/Pods-TheMovieDB/Pods-TheMovieDB-frameworks.sh\"\n";
			showEnvVarsInLog = 0;
		};
/* End PBXShellScriptBuildPhase section */

/* Begin PBXSourcesBuildPhase section */
		684D836D217B2D42000EE4E6 /* Sources */ = {
			isa = PBXSourcesBuildPhase;
			buildActionMask = 2147483647;
			files = (
				687E9FA1217B372100C3D156 /* Result.swift in Sources */,
				687E9FC4217B625A00C3D156 /* SDWebImageHelper.swift in Sources */,
				687E9F9A217B312600C3D156 /* NetworkManager.swift in Sources */,
				687E9FCC217B79BD00C3D156 /* BaseViewController.swift in Sources */,
				687E9F9F217B339800C3D156 /* MovieAPIConstants.swift in Sources */,
				687E9FC7217B777600C3D156 /* MovieDetailsViewController.swift in Sources */,
				687E9FBE217B5C0D00C3D156 /* MoviesListViewModel.swift in Sources */,
				687E9FB0217B3D4400C3D156 /* NowPlayingPresenter.swift in Sources */,
				687E9FA3217B37AD00C3D156 /* MoyaNetworkManager.swift in Sources */,
				687E9FAE217B3D3900C3D156 /* NowPlayingViewController.swift in Sources */,
				687E9FA5217B3BB500C3D156 /* Scene.swift in Sources */,
				684D8375217B2D42000EE4E6 /* AppDelegate.swift in Sources */,
				687E9FB4217B4B3700C3D156 /* NowPlayingSceneConstants.swift in Sources */,
				687E9F97217B2F6F00C3D156 /* Constants.swift in Sources */,
				687E9FA9217B3C2300C3D156 /* SceneCoordinatorType.swift in Sources */,
				687E9FC1217B60A300C3D156 /* MovieCollectionViewCell.swift in Sources */,
				687E9FBC217B5B4300C3D156 /* MoviesList.swift in Sources */,
				687E9FBA217B5A8900C3D156 /* MovieViewModel.swift in Sources */,
				687E9F9C217B333E00C3D156 /* MovieAPI.swift in Sources */,
				687E9FC9217B778E00C3D156 /* MovieDetailsPresenter.swift in Sources */,
				687E9FA7217B3BF000C3D156 /* SceneTransitionType.swift in Sources */,
				687E9FAB217B3C4E00C3D156 /* SceneCoordinator.swift in Sources */,
				687E9FB8217B53FF00C3D156 /* Movie.swift in Sources */,
			);
			runOnlyForDeploymentPostprocessing = 0;
		};
		684D8381217B2D45000EE4E6 /* Sources */ = {
			isa = PBXSourcesBuildPhase;
			buildActionMask = 2147483647;
			files = (
				684D838A217B2D45000EE4E6 /* TheMovieDBTests.swift in Sources */,
			);
			runOnlyForDeploymentPostprocessing = 0;
		};
		684D838C217B2D45000EE4E6 /* Sources */ = {
			isa = PBXSourcesBuildPhase;
			buildActionMask = 2147483647;
			files = (
				684D8395217B2D45000EE4E6 /* TheMovieDBUITests.swift in Sources */,
			);
			runOnlyForDeploymentPostprocessing = 0;
		};
/* End PBXSourcesBuildPhase section */

/* Begin PBXTargetDependency section */
		684D8387217B2D45000EE4E6 /* PBXTargetDependency */ = {
			isa = PBXTargetDependency;
			target = 684D8370217B2D42000EE4E6 /* TheMovieDB */;
			targetProxy = 684D8386217B2D45000EE4E6 /* PBXContainerItemProxy */;
		};
		684D8392217B2D45000EE4E6 /* PBXTargetDependency */ = {
			isa = PBXTargetDependency;
			target = 684D8370217B2D42000EE4E6 /* TheMovieDB */;
			targetProxy = 684D8391217B2D45000EE4E6 /* PBXContainerItemProxy */;
		};
/* End PBXTargetDependency section */

/* Begin PBXVariantGroup section */
		684D837D217B2D45000EE4E6 /* LaunchScreen.storyboard */ = {
			isa = PBXVariantGroup;
			children = (
				684D837E217B2D45000EE4E6 /* Base */,
			);
			name = LaunchScreen.storyboard;
			sourceTree = "<group>";
		};
/* End PBXVariantGroup section */

/* Begin XCBuildConfiguration section */
		684D8397217B2D45000EE4E6 /* Debug */ = {
			isa = XCBuildConfiguration;
			buildSettings = {
				ALWAYS_SEARCH_USER_PATHS = NO;
				CLANG_ANALYZER_NONNULL = YES;
				CLANG_ANALYZER_NUMBER_OBJECT_CONVERSION = YES_AGGRESSIVE;
				CLANG_CXX_LANGUAGE_STANDARD = "gnu++14";
				CLANG_CXX_LIBRARY = "libc++";
				CLANG_ENABLE_MODULES = YES;
				CLANG_ENABLE_OBJC_ARC = YES;
				CLANG_ENABLE_OBJC_WEAK = YES;
				CLANG_WARN_BLOCK_CAPTURE_AUTORELEASING = YES;
				CLANG_WARN_BOOL_CONVERSION = YES;
				CLANG_WARN_COMMA = YES;
				CLANG_WARN_CONSTANT_CONVERSION = YES;
				CLANG_WARN_DEPRECATED_OBJC_IMPLEMENTATIONS = YES;
				CLANG_WARN_DIRECT_OBJC_ISA_USAGE = YES_ERROR;
				CLANG_WARN_DOCUMENTATION_COMMENTS = YES;
				CLANG_WARN_EMPTY_BODY = YES;
				CLANG_WARN_ENUM_CONVERSION = YES;
				CLANG_WARN_INFINITE_RECURSION = YES;
				CLANG_WARN_INT_CONVERSION = YES;
				CLANG_WARN_NON_LITERAL_NULL_CONVERSION = YES;
				CLANG_WARN_OBJC_IMPLICIT_RETAIN_SELF = YES;
				CLANG_WARN_OBJC_LITERAL_CONVERSION = YES;
				CLANG_WARN_OBJC_ROOT_CLASS = YES_ERROR;
				CLANG_WARN_RANGE_LOOP_ANALYSIS = YES;
				CLANG_WARN_STRICT_PROTOTYPES = YES;
				CLANG_WARN_SUSPICIOUS_MOVE = YES;
				CLANG_WARN_UNGUARDED_AVAILABILITY = YES_AGGRESSIVE;
				CLANG_WARN_UNREACHABLE_CODE = YES;
				CLANG_WARN__DUPLICATE_METHOD_MATCH = YES;
				CODE_SIGN_IDENTITY = "iPhone Developer";
				COPY_PHASE_STRIP = NO;
				DEBUG_INFORMATION_FORMAT = dwarf;
				ENABLE_STRICT_OBJC_MSGSEND = YES;
				ENABLE_TESTABILITY = YES;
				GCC_C_LANGUAGE_STANDARD = gnu11;
				GCC_DYNAMIC_NO_PIC = NO;
				GCC_NO_COMMON_BLOCKS = YES;
				GCC_OPTIMIZATION_LEVEL = 0;
				GCC_PREPROCESSOR_DEFINITIONS = (
					"DEBUG=1",
					"$(inherited)",
				);
				GCC_WARN_64_TO_32_BIT_CONVERSION = YES;
				GCC_WARN_ABOUT_RETURN_TYPE = YES_ERROR;
				GCC_WARN_UNDECLARED_SELECTOR = YES;
				GCC_WARN_UNINITIALIZED_AUTOS = YES_AGGRESSIVE;
				GCC_WARN_UNUSED_FUNCTION = YES;
				GCC_WARN_UNUSED_VARIABLE = YES;
				IPHONEOS_DEPLOYMENT_TARGET = 12.0;
				MTL_ENABLE_DEBUG_INFO = INCLUDE_SOURCE;
				MTL_FAST_MATH = YES;
				ONLY_ACTIVE_ARCH = YES;
				SDKROOT = iphoneos;
				SWIFT_ACTIVE_COMPILATION_CONDITIONS = DEBUG;
				SWIFT_OPTIMIZATION_LEVEL = "-Onone";
			};
			name = Debug;
		};
		684D8398217B2D45000EE4E6 /* Release */ = {
			isa = XCBuildConfiguration;
			buildSettings = {
				ALWAYS_SEARCH_USER_PATHS = NO;
				CLANG_ANALYZER_NONNULL = YES;
				CLANG_ANALYZER_NUMBER_OBJECT_CONVERSION = YES_AGGRESSIVE;
				CLANG_CXX_LANGUAGE_STANDARD = "gnu++14";
				CLANG_CXX_LIBRARY = "libc++";
				CLANG_ENABLE_MODULES = YES;
				CLANG_ENABLE_OBJC_ARC = YES;
				CLANG_ENABLE_OBJC_WEAK = YES;
				CLANG_WARN_BLOCK_CAPTURE_AUTORELEASING = YES;
				CLANG_WARN_BOOL_CONVERSION = YES;
				CLANG_WARN_COMMA = YES;
				CLANG_WARN_CONSTANT_CONVERSION = YES;
				CLANG_WARN_DEPRECATED_OBJC_IMPLEMENTATIONS = YES;
				CLANG_WARN_DIRECT_OBJC_ISA_USAGE = YES_ERROR;
				CLANG_WARN_DOCUMENTATION_COMMENTS = YES;
				CLANG_WARN_EMPTY_BODY = YES;
				CLANG_WARN_ENUM_CONVERSION = YES;
				CLANG_WARN_INFINITE_RECURSION = YES;
				CLANG_WARN_INT_CONVERSION = YES;
				CLANG_WARN_NON_LITERAL_NULL_CONVERSION = YES;
				CLANG_WARN_OBJC_IMPLICIT_RETAIN_SELF = YES;
				CLANG_WARN_OBJC_LITERAL_CONVERSION = YES;
				CLANG_WARN_OBJC_ROOT_CLASS = YES_ERROR;
				CLANG_WARN_RANGE_LOOP_ANALYSIS = YES;
				CLANG_WARN_STRICT_PROTOTYPES = YES;
				CLANG_WARN_SUSPICIOUS_MOVE = YES;
				CLANG_WARN_UNGUARDED_AVAILABILITY = YES_AGGRESSIVE;
				CLANG_WARN_UNREACHABLE_CODE = YES;
				CLANG_WARN__DUPLICATE_METHOD_MATCH = YES;
				CODE_SIGN_IDENTITY = "iPhone Developer";
				COPY_PHASE_STRIP = NO;
				DEBUG_INFORMATION_FORMAT = "dwarf-with-dsym";
				ENABLE_NS_ASSERTIONS = NO;
				ENABLE_STRICT_OBJC_MSGSEND = YES;
				GCC_C_LANGUAGE_STANDARD = gnu11;
				GCC_NO_COMMON_BLOCKS = YES;
				GCC_WARN_64_TO_32_BIT_CONVERSION = YES;
				GCC_WARN_ABOUT_RETURN_TYPE = YES_ERROR;
				GCC_WARN_UNDECLARED_SELECTOR = YES;
				GCC_WARN_UNINITIALIZED_AUTOS = YES_AGGRESSIVE;
				GCC_WARN_UNUSED_FUNCTION = YES;
				GCC_WARN_UNUSED_VARIABLE = YES;
				IPHONEOS_DEPLOYMENT_TARGET = 12.0;
				MTL_ENABLE_DEBUG_INFO = NO;
				MTL_FAST_MATH = YES;
				SDKROOT = iphoneos;
				SWIFT_COMPILATION_MODE = wholemodule;
				SWIFT_OPTIMIZATION_LEVEL = "-O";
				VALIDATE_PRODUCT = YES;
			};
			name = Release;
		};
		684D839A217B2D45000EE4E6 /* Debug */ = {
			isa = XCBuildConfiguration;
			baseConfigurationReference = F5B8687722916D1EA4029C5A /* Pods-TheMovieDB.debug.xcconfig */;
			buildSettings = {
				ASSETCATALOG_COMPILER_APPICON_NAME = AppIcon;
				CODE_SIGN_STYLE = Automatic;
				DEVELOPMENT_TEAM = 8E332EG7US;
				INFOPLIST_FILE = TheMovieDB/Info.plist;
				LD_RUNPATH_SEARCH_PATHS = (
					"$(inherited)",
					"@executable_path/Frameworks",
				);
				PRODUCT_BUNDLE_IDENTIFIER = com.mycompany.TheMovieDB;
				PRODUCT_NAME = "$(TARGET_NAME)";
				SWIFT_VERSION = 4.2;
				TARGETED_DEVICE_FAMILY = "1,2";
			};
			name = Debug;
		};
		684D839B217B2D45000EE4E6 /* Release */ = {
			isa = XCBuildConfiguration;
			baseConfigurationReference = FF99D5A6B5ECBB07577BC371 /* Pods-TheMovieDB.release.xcconfig */;
			buildSettings = {
				ASSETCATALOG_COMPILER_APPICON_NAME = AppIcon;
				CODE_SIGN_STYLE = Automatic;
				DEVELOPMENT_TEAM = 8E332EG7US;
				INFOPLIST_FILE = TheMovieDB/Info.plist;
				LD_RUNPATH_SEARCH_PATHS = (
					"$(inherited)",
					"@executable_path/Frameworks",
				);
				PRODUCT_BUNDLE_IDENTIFIER = com.mycompany.TheMovieDB;
				PRODUCT_NAME = "$(TARGET_NAME)";
				SWIFT_VERSION = 4.2;
				TARGETED_DEVICE_FAMILY = "1,2";
			};
			name = Release;
		};
		684D839D217B2D45000EE4E6 /* Debug */ = {
			isa = XCBuildConfiguration;
			baseConfigurationReference = 044D6FA05B790E0934FC4B77 /* Pods-TheMovieDBTests.debug.xcconfig */;
			buildSettings = {
				ALWAYS_EMBED_SWIFT_STANDARD_LIBRARIES = YES;
				BUNDLE_LOADER = "$(TEST_HOST)";
				CODE_SIGN_STYLE = Automatic;
				DEVELOPMENT_TEAM = 8E332EG7US;
				INFOPLIST_FILE = TheMovieDBTests/Info.plist;
				LD_RUNPATH_SEARCH_PATHS = (
					"$(inherited)",
					"@executable_path/Frameworks",
					"@loader_path/Frameworks",
				);
				PRODUCT_BUNDLE_IDENTIFIER = com.mycompany.TheMovieDBTests;
				PRODUCT_NAME = "$(TARGET_NAME)";
				SWIFT_VERSION = 4.2;
				TARGETED_DEVICE_FAMILY = "1,2";
				TEST_HOST = "$(BUILT_PRODUCTS_DIR)/TheMovieDB.app/TheMovieDB";
			};
			name = Debug;
		};
		684D839E217B2D45000EE4E6 /* Release */ = {
			isa = XCBuildConfiguration;
			baseConfigurationReference = 1C68AFB1027FE7F3D69C0F1A /* Pods-TheMovieDBTests.release.xcconfig */;
			buildSettings = {
				ALWAYS_EMBED_SWIFT_STANDARD_LIBRARIES = YES;
				BUNDLE_LOADER = "$(TEST_HOST)";
				CODE_SIGN_STYLE = Automatic;
				DEVELOPMENT_TEAM = 8E332EG7US;
				INFOPLIST_FILE = TheMovieDBTests/Info.plist;
				LD_RUNPATH_SEARCH_PATHS = (
					"$(inherited)",
					"@executable_path/Frameworks",
					"@loader_path/Frameworks",
				);
				PRODUCT_BUNDLE_IDENTIFIER = com.mycompany.TheMovieDBTests;
				PRODUCT_NAME = "$(TARGET_NAME)";
				SWIFT_VERSION = 4.2;
				TARGETED_DEVICE_FAMILY = "1,2";
				TEST_HOST = "$(BUILT_PRODUCTS_DIR)/TheMovieDB.app/TheMovieDB";
			};
			name = Release;
		};
		684D83A0217B2D45000EE4E6 /* Debug */ = {
			isa = XCBuildConfiguration;
			baseConfigurationReference = 1AAA76AFA23DA64DF54456F9 /* Pods-TheMovieDBUITests.debug.xcconfig */;
			buildSettings = {
				ALWAYS_EMBED_SWIFT_STANDARD_LIBRARIES = YES;
				CODE_SIGN_STYLE = Automatic;
				DEVELOPMENT_TEAM = 8E332EG7US;
				INFOPLIST_FILE = TheMovieDBUITests/Info.plist;
				LD_RUNPATH_SEARCH_PATHS = (
					"$(inherited)",
					"@executable_path/Frameworks",
					"@loader_path/Frameworks",
				);
				PRODUCT_BUNDLE_IDENTIFIER = com.mycompany.TheMovieDBUITests;
				PRODUCT_NAME = "$(TARGET_NAME)";
				SWIFT_VERSION = 4.2;
				TARGETED_DEVICE_FAMILY = "1,2";
				TEST_TARGET_NAME = TheMovieDB;
			};
			name = Debug;
		};
		684D83A1217B2D45000EE4E6 /* Release */ = {
			isa = XCBuildConfiguration;
			baseConfigurationReference = 7958E6E975EB4B76E543CC45 /* Pods-TheMovieDBUITests.release.xcconfig */;
			buildSettings = {
				ALWAYS_EMBED_SWIFT_STANDARD_LIBRARIES = YES;
				CODE_SIGN_STYLE = Automatic;
				DEVELOPMENT_TEAM = 8E332EG7US;
				INFOPLIST_FILE = TheMovieDBUITests/Info.plist;
				LD_RUNPATH_SEARCH_PATHS = (
					"$(inherited)",
					"@executable_path/Frameworks",
					"@loader_path/Frameworks",
				);
				PRODUCT_BUNDLE_IDENTIFIER = com.mycompany.TheMovieDBUITests;
				PRODUCT_NAME = "$(TARGET_NAME)";
				SWIFT_VERSION = 4.2;
				TARGETED_DEVICE_FAMILY = "1,2";
				TEST_TARGET_NAME = TheMovieDB;
			};
			name = Release;
		};
/* End XCBuildConfiguration section */

/* Begin XCConfigurationList section */
		684D836C217B2D42000EE4E6 /* Build configuration list for PBXProject "TheMovieDB" */ = {
			isa = XCConfigurationList;
			buildConfigurations = (
				684D8397217B2D45000EE4E6 /* Debug */,
				684D8398217B2D45000EE4E6 /* Release */,
			);
			defaultConfigurationIsVisible = 0;
			defaultConfigurationName = Release;
		};
		684D8399217B2D45000EE4E6 /* Build configuration list for PBXNativeTarget "TheMovieDB" */ = {
			isa = XCConfigurationList;
			buildConfigurations = (
				684D839A217B2D45000EE4E6 /* Debug */,
				684D839B217B2D45000EE4E6 /* Release */,
			);
			defaultConfigurationIsVisible = 0;
			defaultConfigurationName = Release;
		};
		684D839C217B2D45000EE4E6 /* Build configuration list for PBXNativeTarget "TheMovieDBTests" */ = {
			isa = XCConfigurationList;
			buildConfigurations = (
				684D839D217B2D45000EE4E6 /* Debug */,
				684D839E217B2D45000EE4E6 /* Release */,
			);
			defaultConfigurationIsVisible = 0;
			defaultConfigurationName = Release;
		};
		684D839F217B2D45000EE4E6 /* Build configuration list for PBXNativeTarget "TheMovieDBUITests" */ = {
			isa = XCConfigurationList;
			buildConfigurations = (
				684D83A0217B2D45000EE4E6 /* Debug */,
				684D83A1217B2D45000EE4E6 /* Release */,
			);
			defaultConfigurationIsVisible = 0;
			defaultConfigurationName = Release;
		};
/* End XCConfigurationList section */
	};
	rootObject = 684D8369217B2D42000EE4E6 /* Project object */;
}
